
Microsoft Visual Studio Solution File, Format Version 12.00
# Visual Studio Version 17
VisualStudioVersion = 17.1.32228.430
MinimumVisualStudioVersion = 10.0.40219.1
Project("{888888A0-9F3D-457C-B088-3A5042F75D52}") = "YoutubeTidalSync", "YoutubeTidalSync.pyproj", "{AF5BA52E-6FD5-4669-9085-0B180BBEEA08}"
EndProject
Global
	GlobalSection(SolutionConfigurationPlatforms) = preSolution
		Debug|Any CPU = Debug|Any CPU
		Release|Any CPU = Release|Any CPU
	EndGlobalSection
	GlobalSection(ProjectConfigurationPlatforms) = postSolution
		{AF5BA52E-6FD5-4669-9085-0B180BBEEA08}.Debug|Any CPU.ActiveCfg = Debug|Any CPU
		{AF5BA52E-6FD5-4669-9085-0B180BBEEA08}.Release|Any CPU.ActiveCfg = Release|Any CPU
	EndGlobalSection
	GlobalSection(SolutionProperties) = preSolution
		HideSolutionNode = FALSE
	EndGlobalSection
	GlobalSection(ExtensibilityGlobals) = postSolution
		SolutionGuid = {9F4903AD-1C97-48EE-86AA-20FBDDF06F03}
	EndGlobalSection
EndGlobal
